
Microsoft Visual Studio Solution File, Format Version 12.00
# Visual Studio Version 16
VisualStudioVersion = 16.0.30320.27
MinimumVisualStudioVersion = 10.0.40219.1
Project("{FAE04EC0-301F-11D3-BF4B-00C04F79EFBC}") = "CDGAPI", "CDGAPI\CDGAPI.csproj", "{C40E8905-586E-4139-9975-4D07685DDDCB}"
EndProject
Global
	GlobalSection(SolutionConfigurationPlatforms) = preSolution
		Debug|Any CPU = Debug|Any CPU
		Release|Any CPU = Release|Any CPU
	EndGlobalSection
	GlobalSection(ProjectConfigurationPlatforms) = postSolution
		{C40E8905-586E-4139-9975-4D07685DDDCB}.Debug|Any CPU.ActiveCfg = Debug|Any CPU
		{C40E8905-586E-4139-9975-4D07685DDDCB}.Debug|Any CPU.Build.0 = Debug|Any CPU
		{C40E8905-586E-4139-9975-4D07685DDDCB}.Release|Any CPU.ActiveCfg = Release|Any CPU
		{C40E8905-586E-4139-9975-4D07685DDDCB}.Release|Any CPU.Build.0 = Release|Any CPU
	EndGlobalSection
	GlobalSection(SolutionProperties) = preSolution
		HideSolutionNode = FALSE
	EndGlobalSection
	GlobalSection(ExtensibilityGlobals) = postSolution
		SolutionGuid = {2EF725CE-25FB-4002-A423-AC23C7EA6D39}
	EndGlobalSection
EndGlobal
